
Microsoft Visual Studio Solution File, Format Version 12.00
# Visual Studio 15
VisualStudioVersion = 15.0.27004.2002
MinimumVisualStudioVersion = 10.0.40219.1
Project("{FAE04EC0-301F-11D3-BF4B-00C04F79EFBC}") = "HelloWorld", "HelloWorld\HelloWorld.csproj", "{6B65CAD9-3F58-4F8D-9A24-962DDF71CFCF}"
EndProject
Global
	GlobalSection(SolutionConfigurationPlatforms) = preSolution
		Debug|Any CPU = Debug|Any CPU
		Release|Any CPU = Release|Any CPU
	EndGlobalSection
	GlobalSection(ProjectConfigurationPlatforms) = postSolution
		{6B65CAD9-3F58-4F8D-9A24-962DDF71CFCF}.Debug|Any CPU.ActiveCfg = Debug|Any CPU
		{6B65CAD9-3F58-4F8D-9A24-962DDF71CFCF}.Debug|Any CPU.Build.0 = Debug|Any CPU
		{6B65CAD9-3F58-4F8D-9A24-962DDF71CFCF}.Release|Any CPU.ActiveCfg = Release|Any CPU
		{6B65CAD9-3F58-4F8D-9A24-962DDF71CFCF}.Release|Any CPU.Build.0 = Release|Any CPU
	EndGlobalSection
	GlobalSection(SolutionProperties) = preSolution
		HideSolutionNode = FALSE
	EndGlobalSection
	GlobalSection(ExtensibilityGlobals) = postSolution
		SolutionGuid = {73A35DB9-9CC0-453E-95FD-517733D48863}
	EndGlobalSection
EndGlobal
