
Microsoft Visual Studio Solution File, Format Version 12.00
# Visual Studio 15
VisualStudioVersion = 15.0.27004.2002
MinimumVisualStudioVersion = 10.0.40219.1
Project("{FAE04EC0-301F-11D3-BF4B-00C04F79EFBC}") = "HelloWorld", "HelloWorld\HelloWorld.csproj", "{6B65CAD9-3F58-4F8D-9A24-962DDF71CFCF}"
EndProject
Project("{FAE04EC0-301F-11D3-BF4B-00C04F79EFBC}") = "numberfun", "numberfun\numberfun.csproj", "{9E8D3254-5DE0-4D20-826D-67D3871B4FF9}"
EndProject
Project("{FAE04EC0-301F-11D3-BF4B-00C04F79EFBC}") = "Welcome Message", "Welcome Message\Welcome Message.csproj", "{4650200A-63A2-42E0-BAB5-13B25D6647EC}"
EndProject
Project("{FAE04EC0-301F-11D3-BF4B-00C04F79EFBC}") = "PickADoor", "PickADoor\PickADoor.csproj", "{35521C84-01ED-4C16-87E0-20BA35115D36}"
EndProject
Project("{FAE04EC0-301F-11D3-BF4B-00C04F79EFBC}") = "Loops", "Loops\Loops.csproj", "{7A59618F-99E7-4FA7-A2A8-74D6AA1A469F}"
EndProject
Project("{FAE04EC0-301F-11D3-BF4B-00C04F79EFBC}") = "AgeProgarm", "AgeProgarm\AgeProgarm.csproj", "{3779BB34-E123-46CC-B7DD-0E6E44AD84CA}"
EndProject
Global
	GlobalSection(SolutionConfigurationPlatforms) = preSolution
		Debug|Any CPU = Debug|Any CPU
		Release|Any CPU = Release|Any CPU
	EndGlobalSection
	GlobalSection(ProjectConfigurationPlatforms) = postSolution
		{6B65CAD9-3F58-4F8D-9A24-962DDF71CFCF}.Debug|Any CPU.ActiveCfg = Debug|Any CPU
		{6B65CAD9-3F58-4F8D-9A24-962DDF71CFCF}.Debug|Any CPU.Build.0 = Debug|Any CPU
		{6B65CAD9-3F58-4F8D-9A24-962DDF71CFCF}.Release|Any CPU.ActiveCfg = Release|Any CPU
		{6B65CAD9-3F58-4F8D-9A24-962DDF71CFCF}.Release|Any CPU.Build.0 = Release|Any CPU
		{9E8D3254-5DE0-4D20-826D-67D3871B4FF9}.Debug|Any CPU.ActiveCfg = Debug|Any CPU
		{9E8D3254-5DE0-4D20-826D-67D3871B4FF9}.Debug|Any CPU.Build.0 = Debug|Any CPU
		{9E8D3254-5DE0-4D20-826D-67D3871B4FF9}.Release|Any CPU.ActiveCfg = Release|Any CPU
		{9E8D3254-5DE0-4D20-826D-67D3871B4FF9}.Release|Any CPU.Build.0 = Release|Any CPU
		{4650200A-63A2-42E0-BAB5-13B25D6647EC}.Debug|Any CPU.ActiveCfg = Debug|Any CPU
		{4650200A-63A2-42E0-BAB5-13B25D6647EC}.Debug|Any CPU.Build.0 = Debug|Any CPU
		{4650200A-63A2-42E0-BAB5-13B25D6647EC}.Release|Any CPU.ActiveCfg = Release|Any CPU
		{4650200A-63A2-42E0-BAB5-13B25D6647EC}.Release|Any CPU.Build.0 = Release|Any CPU
		{35521C84-01ED-4C16-87E0-20BA35115D36}.Debug|Any CPU.ActiveCfg = Debug|Any CPU
		{35521C84-01ED-4C16-87E0-20BA35115D36}.Debug|Any CPU.Build.0 = Debug|Any CPU
		{35521C84-01ED-4C16-87E0-20BA35115D36}.Release|Any CPU.ActiveCfg = Release|Any CPU
		{35521C84-01ED-4C16-87E0-20BA35115D36}.Release|Any CPU.Build.0 = Release|Any CPU
		{7A59618F-99E7-4FA7-A2A8-74D6AA1A469F}.Debug|Any CPU.ActiveCfg = Debug|Any CPU
		{7A59618F-99E7-4FA7-A2A8-74D6AA1A469F}.Debug|Any CPU.Build.0 = Debug|Any CPU
		{7A59618F-99E7-4FA7-A2A8-74D6AA1A469F}.Release|Any CPU.ActiveCfg = Release|Any CPU
		{7A59618F-99E7-4FA7-A2A8-74D6AA1A469F}.Release|Any CPU.Build.0 = Release|Any CPU
		{3779BB34-E123-46CC-B7DD-0E6E44AD84CA}.Debug|Any CPU.ActiveCfg = Debug|Any CPU
		{3779BB34-E123-46CC-B7DD-0E6E44AD84CA}.Debug|Any CPU.Build.0 = Debug|Any CPU
		{3779BB34-E123-46CC-B7DD-0E6E44AD84CA}.Release|Any CPU.ActiveCfg = Release|Any CPU
		{3779BB34-E123-46CC-B7DD-0E6E44AD84CA}.Release|Any CPU.Build.0 = Release|Any CPU
	EndGlobalSection
	GlobalSection(SolutionProperties) = preSolution
		HideSolutionNode = FALSE
	EndGlobalSection
	GlobalSection(ExtensibilityGlobals) = postSolution
		SolutionGuid = {73A35DB9-9CC0-453E-95FD-517733D48863}
	EndGlobalSection
EndGlobal
